
Microsoft Visual Studio Solution File, Format Version 12.00
# Visual Studio Version 17
VisualStudioVersion = 17.0.31903.59
MinimumVisualStudioVersion = 10.0.40219.1
Project("{FAE04EC0-301F-11D3-BF4B-00C04F79EFBC}") = "Notifications", "Notifications\Notifications.csproj", "{CC9723EA-8B40-4004-9ADC-C66E9B0C7D67}"
EndProject
Project("{FAE04EC0-301F-11D3-BF4B-00C04F79EFBC}") = "Notifications.Contracts", "Notifications.Contracts\Notifications.Contracts.csproj", "{0384A6DC-A1A3-45B3-A16C-9CCE49E315A3}"
EndProject
Project("{FAE04EC0-301F-11D3-BF4B-00C04F79EFBC}") = "Notifications.UnitTests", "Notifications.UnitTests\Notifications.UnitTests.csproj", "{0B46F09D-7DE7-44BF-81B5-B51D5E9C4BD9}"
EndProject
Project("{FAE04EC0-301F-11D3-BF4B-00C04F79EFBC}") = "Notifications.IntegrationTests", "Notifications.IntegrationTests\Notifications.IntegrationTests.csproj", "{44A70522-0C19-43BF-A18B-5C69624C1B26}"
EndProject
Project("{FAE04EC0-301F-11D3-BF4B-00C04F79EFBC}") = "Notifications.TestKit", "Notifications.TestKit\Notifications.TestKit.csproj", "{A134572D-2552-4E7F-901F-79B670F76EA3}"
EndProject
Global
	GlobalSection(SolutionConfigurationPlatforms) = preSolution
		Debug|Any CPU = Debug|Any CPU
		Debug|x64 = Debug|x64
		Debug|x86 = Debug|x86
		Release|Any CPU = Release|Any CPU
		Release|x64 = Release|x64
		Release|x86 = Release|x86
	EndGlobalSection
	GlobalSection(ProjectConfigurationPlatforms) = postSolution
		{CC9723EA-8B40-4004-9ADC-C66E9B0C7D67}.Debug|Any CPU.ActiveCfg = Debug|Any CPU
		{CC9723EA-8B40-4004-9ADC-C66E9B0C7D67}.Debug|Any CPU.Build.0 = Debug|Any CPU
		{CC9723EA-8B40-4004-9ADC-C66E9B0C7D67}.Debug|x64.ActiveCfg = Debug|Any CPU
		{CC9723EA-8B40-4004-9ADC-C66E9B0C7D67}.Debug|x64.Build.0 = Debug|Any CPU
		{CC9723EA-8B40-4004-9ADC-C66E9B0C7D67}.Debug|x86.ActiveCfg = Debug|Any CPU
		{CC9723EA-8B40-4004-9ADC-C66E9B0C7D67}.Debug|x86.Build.0 = Debug|Any CPU
		{CC9723EA-8B40-4004-9ADC-C66E9B0C7D67}.Release|Any CPU.ActiveCfg = Release|Any CPU
		{CC9723EA-8B40-4004-9ADC-C66E9B0C7D67}.Release|Any CPU.Build.0 = Release|Any CPU
		{CC9723EA-8B40-4004-9ADC-C66E9B0C7D67}.Release|x64.ActiveCfg = Release|Any CPU
		{CC9723EA-8B40-4004-9ADC-C66E9B0C7D67}.Release|x64.Build.0 = Release|Any CPU
		{CC9723EA-8B40-4004-9ADC-C66E9B0C7D67}.Release|x86.ActiveCfg = Release|Any CPU
		{CC9723EA-8B40-4004-9ADC-C66E9B0C7D67}.Release|x86.Build.0 = Release|Any CPU
		{0384A6DC-A1A3-45B3-A16C-9CCE49E315A3}.Debug|Any CPU.ActiveCfg = Debug|Any CPU
		{0384A6DC-A1A3-45B3-A16C-9CCE49E315A3}.Debug|Any CPU.Build.0 = Debug|Any CPU
		{0384A6DC-A1A3-45B3-A16C-9CCE49E315A3}.Debug|x64.ActiveCfg = Debug|Any CPU
		{0384A6DC-A1A3-45B3-A16C-9CCE49E315A3}.Debug|x64.Build.0 = Debug|Any CPU
		{0384A6DC-A1A3-45B3-A16C-9CCE49E315A3}.Debug|x86.ActiveCfg = Debug|Any CPU
		{0384A6DC-A1A3-45B3-A16C-9CCE49E315A3}.Debug|x86.Build.0 = Debug|Any CPU
		{0384A6DC-A1A3-45B3-A16C-9CCE49E315A3}.Release|Any CPU.ActiveCfg = Release|Any CPU
		{0384A6DC-A1A3-45B3-A16C-9CCE49E315A3}.Release|Any CPU.Build.0 = Release|Any CPU
		{0384A6DC-A1A3-45B3-A16C-9CCE49E315A3}.Release|x64.ActiveCfg = Release|Any CPU
		{0384A6DC-A1A3-45B3-A16C-9CCE49E315A3}.Release|x64.Build.0 = Release|Any CPU
		{0384A6DC-A1A3-45B3-A16C-9CCE49E315A3}.Release|x86.ActiveCfg = Release|Any CPU
		{0384A6DC-A1A3-45B3-A16C-9CCE49E315A3}.Release|x86.Build.0 = Release|Any CPU
		{0B46F09D-7DE7-44BF-81B5-B51D5E9C4BD9}.Debug|Any CPU.ActiveCfg = Debug|Any CPU
		{0B46F09D-7DE7-44BF-81B5-B51D5E9C4BD9}.Debug|Any CPU.Build.0 = Debug|Any CPU
		{0B46F09D-7DE7-44BF-81B5-B51D5E9C4BD9}.Debug|x64.ActiveCfg = Debug|Any CPU
		{0B46F09D-7DE7-44BF-81B5-B51D5E9C4BD9}.Debug|x64.Build.0 = Debug|Any CPU
		{0B46F09D-7DE7-44BF-81B5-B51D5E9C4BD9}.Debug|x86.ActiveCfg = Debug|Any CPU
		{0B46F09D-7DE7-44BF-81B5-B51D5E9C4BD9}.Debug|x86.Build.0 = Debug|Any CPU
		{0B46F09D-7DE7-44BF-81B5-B51D5E9C4BD9}.Release|Any CPU.ActiveCfg = Release|Any CPU
		{0B46F09D-7DE7-44BF-81B5-B51D5E9C4BD9}.Release|Any CPU.Build.0 = Release|Any CPU
		{0B46F09D-7DE7-44BF-81B5-B51D5E9C4BD9}.Release|x64.ActiveCfg = Release|Any CPU
		{0B46F09D-7DE7-44BF-81B5-B51D5E9C4BD9}.Release|x64.Build.0 = Release|Any CPU
		{0B46F09D-7DE7-44BF-81B5-B51D5E9C4BD9}.Release|x86.ActiveCfg = Release|Any CPU
		{0B46F09D-7DE7-44BF-81B5-B51D5E9C4BD9}.Release|x86.Build.0 = Release|Any CPU
		{44A70522-0C19-43BF-A18B-5C69624C1B26}.Debug|Any CPU.ActiveCfg = Debug|Any CPU
		{44A70522-0C19-43BF-A18B-5C69624C1B26}.Debug|Any CPU.Build.0 = Debug|Any CPU
		{44A70522-0C19-43BF-A18B-5C69624C1B26}.Debug|x64.ActiveCfg = Debug|Any CPU
		{44A70522-0C19-43BF-A18B-5C69624C1B26}.Debug|x64.Build.0 = Debug|Any CPU
		{44A70522-0C19-43BF-A18B-5C69624C1B26}.Debug|x86.ActiveCfg = Debug|Any CPU
		{44A70522-0C19-43BF-A18B-5C69624C1B26}.Debug|x86.Build.0 = Debug|Any CPU
		{44A70522-0C19-43BF-A18B-5C69624C1B26}.Release|Any CPU.ActiveCfg = Release|Any CPU
		{44A70522-0C19-43BF-A18B-5C69624C1B26}.Release|Any CPU.Build.0 = Release|Any CPU
		{44A70522-0C19-43BF-A18B-5C69624C1B26}.Release|x64.ActiveCfg = Release|Any CPU
		{44A70522-0C19-43BF-A18B-5C69624C1B26}.Release|x64.Build.0 = Release|Any CPU
		{44A70522-0C19-43BF-A18B-5C69624C1B26}.Release|x86.ActiveCfg = Release|Any CPU
		{44A70522-0C19-43BF-A18B-5C69624C1B26}.Release|x86.Build.0 = Release|Any CPU
		{A134572D-2552-4E7F-901F-79B670F76EA3}.Debug|Any CPU.ActiveCfg = Debug|Any CPU
		{A134572D-2552-4E7F-901F-79B670F76EA3}.Debug|Any CPU.Build.0 = Debug|Any CPU
		{A134572D-2552-4E7F-901F-79B670F76EA3}.Debug|x64.ActiveCfg = Debug|Any CPU
		{A134572D-2552-4E7F-901F-79B670F76EA3}.Debug|x64.Build.0 = Debug|Any CPU
		{A134572D-2552-4E7F-901F-79B670F76EA3}.Debug|x86.ActiveCfg = Debug|Any CPU
		{A134572D-2552-4E7F-901F-79B670F76EA3}.Debug|x86.Build.0 = Debug|Any CPU
		{A134572D-2552-4E7F-901F-79B670F76EA3}.Release|Any CPU.ActiveCfg = Release|Any CPU
		{A134572D-2552-4E7F-901F-79B670F76EA3}.Release|Any CPU.Build.0 = Release|Any CPU
		{A134572D-2552-4E7F-901F-79B670F76EA3}.Release|x64.ActiveCfg = Release|Any CPU
		{A134572D-2552-4E7F-901F-79B670F76EA3}.Release|x64.Build.0 = Release|Any CPU
		{A134572D-2552-4E7F-901F-79B670F76EA3}.Release|x86.ActiveCfg = Release|Any CPU
		{A134572D-2552-4E7F-901F-79B670F76EA3}.Release|x86.Build.0 = Release|Any CPU
	EndGlobalSection
	GlobalSection(SolutionProperties) = preSolution
		HideSolutionNode = FALSE
	EndGlobalSection
EndGlobal
